
Microsoft Visual Studio Solution File, Format Version 12.00
# Visual Studio Version 17
VisualStudioVersion = 17.5.33424.131
MinimumVisualStudioVersion = 10.0.40219.1
Project("{FAE04EC0-301F-11D3-BF4B-00C04F79EFBC}") = "MeetingRecordingProcessor", "MeetingRecordingProcessor.csproj", "{D2389FEA-1358-4288-945C-2DABB4660910}"
EndProject
Global
	GlobalSection(SolutionConfigurationPlatforms) = preSolution
		Debug|Any CPU = Debug|Any CPU
		Release|Any CPU = Release|Any CPU
	EndGlobalSection
	GlobalSection(ProjectConfigurationPlatforms) = postSolution
		{D2389FEA-1358-4288-945C-2DABB4660910}.Debug|Any CPU.ActiveCfg = Debug|Any CPU
		{D2389FEA-1358-4288-945C-2DABB4660910}.Debug|Any CPU.Build.0 = Debug|Any CPU
		{D2389FEA-1358-4288-945C-2DABB4660910}.Release|Any CPU.ActiveCfg = Release|Any CPU
		{D2389FEA-1358-4288-945C-2DABB4660910}.Release|Any CPU.Build.0 = Release|Any CPU
		{56361CFC-8D63-4CFB-B23D-CBC71A78BAD5}.Debug|Any CPU.ActiveCfg = Debug|Any CPU
		{56361CFC-8D63-4CFB-B23D-CBC71A78BAD5}.Debug|Any CPU.Build.0 = Debug|Any CPU
		{56361CFC-8D63-4CFB-B23D-CBC71A78BAD5}.Release|Any CPU.ActiveCfg = Release|Any CPU
		{56361CFC-8D63-4CFB-B23D-CBC71A78BAD5}.Release|Any CPU.Build.0 = Release|Any CPU
		{0F869858-F627-4AFC-9314-D707A8A48E77}.Debug|Any CPU.ActiveCfg = Debug|Any CPU
		{0F869858-F627-4AFC-9314-D707A8A48E77}.Debug|Any CPU.Build.0 = Debug|Any CPU
		{0F869858-F627-4AFC-9314-D707A8A48E77}.Release|Any CPU.ActiveCfg = Release|Any CPU
		{0F869858-F627-4AFC-9314-D707A8A48E77}.Release|Any CPU.Build.0 = Release|Any CPU
	EndGlobalSection
	GlobalSection(SolutionProperties) = preSolution
		HideSolutionNode = FALSE
	EndGlobalSection
	GlobalSection(ExtensibilityGlobals) = postSolution
		SolutionGuid = {4CBCCC35-C5D4-4385-AC3A-788D3F6E8523}
	EndGlobalSection
EndGlobal
